
Microsoft Visual Studio Solution File, Format Version 12.00
# Visual Studio Version 17
VisualStudioVersion = 17.11.35208.52
MinimumVisualStudioVersion = 10.0.40219.1
Project("{FAE04EC0-301F-11D3-BF4B-00C04F79EFBC}") = "QualityMonitoringMongoDB", "QualityMonitoringMongoDB.csproj", "{294C64A5-C9EE-4092-A544-931125649E9F}"
EndProject
Global
	GlobalSection(SolutionConfigurationPlatforms) = preSolution
		Debug|Any CPU = Debug|Any CPU
		Release|Any CPU = Release|Any CPU
	EndGlobalSection
	GlobalSection(ProjectConfigurationPlatforms) = postSolution
		{294C64A5-C9EE-4092-A544-931125649E9F}.Debug|Any CPU.ActiveCfg = Debug|Any CPU
		{294C64A5-C9EE-4092-A544-931125649E9F}.Debug|Any CPU.Build.0 = Debug|Any CPU
		{294C64A5-C9EE-4092-A544-931125649E9F}.Release|Any CPU.ActiveCfg = Release|Any CPU
		{294C64A5-C9EE-4092-A544-931125649E9F}.Release|Any CPU.Build.0 = Release|Any CPU
	EndGlobalSection
	GlobalSection(SolutionProperties) = preSolution
		HideSolutionNode = FALSE
	EndGlobalSection
	GlobalSection(ExtensibilityGlobals) = postSolution
		SolutionGuid = {D1500989-BD5E-43D5-AD40-E670F8748A6A}
	EndGlobalSection
EndGlobal
